
Microsoft Visual Studio Solution File, Format Version 12.00
# Visual Studio Version 17
VisualStudioVersion = 17.7.34018.315
MinimumVisualStudioVersion = 10.0.40219.1
Project("{FAE04EC0-301F-11D3-BF4B-00C04F79EFBC}") = "WebApiUsingDapper", "WebApiUsingDapper\WebApiUsingDapper.csproj", "{EF9DEB59-FB4C-431C-9A11-19889E82659B}"
EndProject
Global
	GlobalSection(SolutionConfigurationPlatforms) = preSolution
		Debug|Any CPU = Debug|Any CPU
		Release|Any CPU = Release|Any CPU
	EndGlobalSection
	GlobalSection(ProjectConfigurationPlatforms) = postSolution
		{EF9DEB59-FB4C-431C-9A11-19889E82659B}.Debug|Any CPU.ActiveCfg = Debug|Any CPU
		{EF9DEB59-FB4C-431C-9A11-19889E82659B}.Debug|Any CPU.Build.0 = Debug|Any CPU
		{EF9DEB59-FB4C-431C-9A11-19889E82659B}.Release|Any CPU.ActiveCfg = Release|Any CPU
		{EF9DEB59-FB4C-431C-9A11-19889E82659B}.Release|Any CPU.Build.0 = Release|Any CPU
	EndGlobalSection
	GlobalSection(SolutionProperties) = preSolution
		HideSolutionNode = FALSE
	EndGlobalSection
	GlobalSection(ExtensibilityGlobals) = postSolution
		SolutionGuid = {2F67FE14-E530-4072-8785-9C05D9D84D4B}
	EndGlobalSection
EndGlobal
